{
    __meta__ = {
        version = "1.0"
    },
    ["linux|x86_64"] = {
        ["boost#b7c83bea"] = {
            repo = {
                commit = "244d12787afe426cb2e04c2268abf77a5aba571f",
                url = "https://github.com/fantasy-peak/xmake-repo.git"
            },
            version = "1.92.0"
        },
        ["brotli#f56260b5"] = {
            repo = {
                branch = "master",
                commit = "3abfb00eecffc598dca57a4c4589d43274c5cc95",
                url = "https://gitcode.com/xmake-io/xmake-repo.git"
            },
            version = "v1.2.0"
        },
        ["catch2#f56260b5"] = {
            repo = {
                branch = "master",
                commit = "3abfb00eecffc598dca57a4c4589d43274c5cc95",
                url = "https://gitcode.com/xmake-io/xmake-repo.git"
            },
            version = "v3.15.2"
        },
        ["cmake#f56260b5"] = {
            repo = {
                branch = "master",
                commit = "8d8ece25f427532c0b1462536b81b7785afe9338",
                url = "https://gitcode.com/xmake-io/xmake-repo.git"
            },
            version = "4.1.2"
        },
        ["glaze#f56260b5"] = {
            repo = {
                commit = "244d12787afe426cb2e04c2268abf77a5aba571f",
                url = "https://github.com/fantasy-peak/xmake-repo.git"
            },
            version = "v7.9.0"
        },
        ["nghttp2 1.70.0#f56260b5"] = {
            repo = {
                commit = "244d12787afe426cb2e04c2268abf77a5aba571f",
                url = "https://github.com/fantasy-peak/xmake-repo.git"
            },
            version = "1.70.0"
        },
        ["nghttp3#f56260b5"] = {
            repo = {
                commit = "244d12787afe426cb2e04c2268abf77a5aba571f",
                url = "https://github.com/fantasy-peak/xmake-repo.git"
            },
            version = "v1.18.0"
        },
        ["ngtcp2#f56260b5"] = {
            repo = {
                commit = "244d12787afe426cb2e04c2268abf77a5aba571f",
                url = "https://github.com/fantasy-peak/xmake-repo.git"
            },
            version = "1.25.0"
        },
        ["ninja#f56260b5"] = {
            repo = {
                branch = "master",
                commit = "8d8ece25f427532c0b1462536b81b7785afe9338",
                url = "https://gitcode.com/xmake-io/xmake-repo.git"
            },
            version = "1.13.2"
        },
        ["openssl3#f56260b5"] = {
            repo = {
                branch = "master",
                commit = "8d8ece25f427532c0b1462536b81b7785afe9338",
                url = "https://gitcode.com/xmake-io/xmake-repo.git"
            },
            version = "3.6.0"
        },
        ["sfparse#f56260b5"] = {
            repo = {
                commit = "244d12787afe426cb2e04c2268abf77a5aba571f",
                url = "https://github.com/fantasy-peak/xmake-repo.git"
            },
            version = "2024.12.15"
        },
        ["zlib#f56260b5"] = {
            repo = {
                branch = "master",
                commit = "3abfb00eecffc598dca57a4c4589d43274c5cc95",
                url = "https://gitcode.com/xmake-io/xmake-repo.git"
            },
            version = "v1.3.2"
        }
    }
}