{
    __meta__ = {
        version = "1.0"
    },
    ["linux|x86_64"] = {
        ["boost#791fa972"] = {
            repo = {
                branch = "master",
                commit = "8d8ece25f427532c0b1462536b81b7785afe9338",
                url = "https://gitcode.com/xmake-io/xmake-repo.git"
            },
            version = "1.90.0"
        },
        ["brotli#f56260b5"] = {
            repo = {
                branch = "master",
                commit = "3abfb00eecffc598dca57a4c4589d43274c5cc95",
                url = "https://gitcode.com/xmake-io/xmake-repo.git"
            },
            version = "v1.2.0"
        },
        ["catch2#f56260b5"] = {
            repo = {
                branch = "master",
                commit = "3abfb00eecffc598dca57a4c4589d43274c5cc95",
                url = "https://gitcode.com/xmake-io/xmake-repo.git"
            },
            version = "v3.15.2"
        },
        ["cmake#f56260b5"] = {
            repo = {
                branch = "master",
                commit = "8d8ece25f427532c0b1462536b81b7785afe9338",
                url = "https://gitcode.com/xmake-io/xmake-repo.git"
            },
            version = "4.1.2"
        },
        ["ninja#f56260b5"] = {
            repo = {
                branch = "master",
                commit = "8d8ece25f427532c0b1462536b81b7785afe9338",
                url = "https://gitcode.com/xmake-io/xmake-repo.git"
            },
            version = "1.13.2"
        },
        ["openssl3#f56260b5"] = {
            repo = {
                branch = "master",
                commit = "8d8ece25f427532c0b1462536b81b7785afe9338",
                url = "https://gitcode.com/xmake-io/xmake-repo.git"
            },
            version = "3.6.0"
        },
        ["zlib#f56260b5"] = {
            repo = {
                branch = "master",
                commit = "3abfb00eecffc598dca57a4c4589d43274c5cc95",
                url = "https://gitcode.com/xmake-io/xmake-repo.git"
            },
            version = "v1.3.2"
        }
    }
}